
Microsoft Visual Studio Solution File, Format Version 12.00
# Visual Studio Version 16
VisualStudioVersion = 16.0.31321.278
MinimumVisualStudioVersion = 10.0.40219.1
Project("{2150E333-8FDC-42A3-9474-1A3956D46DE8}") = "proto", "proto", "{D2EF580F-CE7E-4004-BFBA-6A244EF206C9}"
	ProjectSection(SolutionItems) = preProject
		creditcard.proto = creditcard.proto
	EndProjectSection
EndProject
Project("{FAE04EC0-301F-11D3-BF4B-00C04F79EFBC}") = "server", "server\server.csproj", "{930CD557-D232-4C07-B44D-C26971DF855F}"
EndProject
Project("{FAE04EC0-301F-11D3-BF4B-00C04F79EFBC}") = "client", "client\client.csproj", "{BCFFC126-A7E7-430D-A8CD-794007D0C461}"
EndProject
Global
	GlobalSection(SolutionConfigurationPlatforms) = preSolution
		Debug|Any CPU = Debug|Any CPU
		Release|Any CPU = Release|Any CPU
	EndGlobalSection
	GlobalSection(ProjectConfigurationPlatforms) = postSolution
		{930CD557-D232-4C07-B44D-C26971DF855F}.Debug|Any CPU.ActiveCfg = Debug|Any CPU
		{930CD557-D232-4C07-B44D-C26971DF855F}.Debug|Any CPU.Build.0 = Debug|Any CPU
		{930CD557-D232-4C07-B44D-C26971DF855F}.Release|Any CPU.ActiveCfg = Release|Any CPU
		{930CD557-D232-4C07-B44D-C26971DF855F}.Release|Any CPU.Build.0 = Release|Any CPU
		{BCFFC126-A7E7-430D-A8CD-794007D0C461}.Debug|Any CPU.ActiveCfg = Debug|Any CPU
		{BCFFC126-A7E7-430D-A8CD-794007D0C461}.Debug|Any CPU.Build.0 = Debug|Any CPU
		{BCFFC126-A7E7-430D-A8CD-794007D0C461}.Release|Any CPU.ActiveCfg = Release|Any CPU
		{BCFFC126-A7E7-430D-A8CD-794007D0C461}.Release|Any CPU.Build.0 = Release|Any CPU
	EndGlobalSection
	GlobalSection(SolutionProperties) = preSolution
		HideSolutionNode = FALSE
	EndGlobalSection
	GlobalSection(ExtensibilityGlobals) = postSolution
		SolutionGuid = {75339F05-ABDC-4D60-8F2F-A59218BEA3F9}
	EndGlobalSection
EndGlobal
